
Microsoft Visual Studio Solution File, Format Version 12.00
# Visual Studio 15
VisualStudioVersion = 15.0.28010.2026
MinimumVisualStudioVersion = 10.0.40219.1
Project("{FAE04EC0-301F-11D3-BF4B-00C04F79EFBC}") = "Studenti", "Studenti\Studenti.csproj", "{D5331A83-D2BD-4F42-B2CF-7FD8C3345239}"
EndProject
Global
	GlobalSection(SolutionConfigurationPlatforms) = preSolution
		Debug|Any CPU = Debug|Any CPU
		Release|Any CPU = Release|Any CPU
	EndGlobalSection
	GlobalSection(ProjectConfigurationPlatforms) = postSolution
		{D5331A83-D2BD-4F42-B2CF-7FD8C3345239}.Debug|Any CPU.ActiveCfg = Debug|Any CPU
		{D5331A83-D2BD-4F42-B2CF-7FD8C3345239}.Debug|Any CPU.Build.0 = Debug|Any CPU
		{D5331A83-D2BD-4F42-B2CF-7FD8C3345239}.Release|Any CPU.ActiveCfg = Release|Any CPU
		{D5331A83-D2BD-4F42-B2CF-7FD8C3345239}.Release|Any CPU.Build.0 = Release|Any CPU
	EndGlobalSection
	GlobalSection(SolutionProperties) = preSolution
		HideSolutionNode = FALSE
	EndGlobalSection
	GlobalSection(ExtensibilityGlobals) = postSolution
		SolutionGuid = {43976730-E769-4EAA-92A2-A42C17FA0E19}
	EndGlobalSection
EndGlobal
